
Microsoft Visual Studio Solution File, Format Version 12.00
# Visual Studio Version 17
VisualStudioVersion = 17.6.33723.286
MinimumVisualStudioVersion = 10.0.40219.1
Project("{9A19103F-16F7-4668-BE54-9A1E7A4F7556}") = "AuthenticationAPI", "AauthenticationAPI\AuthenticationAPI.csproj", "{E1A011F1-7367-446F-A458-15833F0BF30F}"
EndProject
Project("{9A19103F-16F7-4668-BE54-9A1E7A4F7556}") = "AcountAPI", "AcountAPI\AcountAPI.csproj", "{D400DDDB-0106-4E67-AD6C-5D465D6EE7CC}"
EndProject
Project("{9A19103F-16F7-4668-BE54-9A1E7A4F7556}") = "BranchAPI", "BranchAPI\BranchAPI.csproj", "{B3A2F6A5-15F4-4E13-9688-311EBB3933A2}"
EndProject
Project("{9A19103F-16F7-4668-BE54-9A1E7A4F7556}") = "BankGateway", "BankGateway\BankGateway.csproj", "{60CDD804-C583-4828-A15C-DF88FC35A18C}"
EndProject
Project("{9A19103F-16F7-4668-BE54-9A1E7A4F7556}") = "TransactionProcessingAPI", "TransactionProcessingAPI\TransactionProcessingAPI.csproj", "{C92D5653-8D77-4993-959D-A4D80AFA14E3}"
EndProject
Project("{9A19103F-16F7-4668-BE54-9A1E7A4F7556}") = "TransactionMonitoringAPI", "TransactionMonitoringAPI\TransactionMonitoringAPI.csproj", "{53A737B5-E229-49C5-B1F1-93EE2EF9950A}"
EndProject
Project("{9A19103F-16F7-4668-BE54-9A1E7A4F7556}") = "TestProject", "TestProject\TestProject.csproj", "{4F40FF80-AF71-444F-BDFA-C354B1B499D0}"
EndProject
Project("{9A19103F-16F7-4668-BE54-9A1E7A4F7556}") = "LoanAPI", "LoanAPI\LoanAPI.csproj", "{BB67957D-C993-467F-B12A-D741AA4BEF7B}"
EndProject
Global
	GlobalSection(SolutionConfigurationPlatforms) = preSolution
		Debug|Any CPU = Debug|Any CPU
		Release|Any CPU = Release|Any CPU
	EndGlobalSection
	GlobalSection(ProjectConfigurationPlatforms) = postSolution
		{E1A011F1-7367-446F-A458-15833F0BF30F}.Debug|Any CPU.ActiveCfg = Debug|Any CPU
		{E1A011F1-7367-446F-A458-15833F0BF30F}.Debug|Any CPU.Build.0 = Debug|Any CPU
		{E1A011F1-7367-446F-A458-15833F0BF30F}.Release|Any CPU.ActiveCfg = Release|Any CPU
		{E1A011F1-7367-446F-A458-15833F0BF30F}.Release|Any CPU.Build.0 = Release|Any CPU
		{D400DDDB-0106-4E67-AD6C-5D465D6EE7CC}.Debug|Any CPU.ActiveCfg = Debug|Any CPU
		{D400DDDB-0106-4E67-AD6C-5D465D6EE7CC}.Debug|Any CPU.Build.0 = Debug|Any CPU
		{D400DDDB-0106-4E67-AD6C-5D465D6EE7CC}.Release|Any CPU.ActiveCfg = Release|Any CPU
		{D400DDDB-0106-4E67-AD6C-5D465D6EE7CC}.Release|Any CPU.Build.0 = Release|Any CPU
		{B3A2F6A5-15F4-4E13-9688-311EBB3933A2}.Debug|Any CPU.ActiveCfg = Debug|Any CPU
		{B3A2F6A5-15F4-4E13-9688-311EBB3933A2}.Debug|Any CPU.Build.0 = Debug|Any CPU
		{B3A2F6A5-15F4-4E13-9688-311EBB3933A2}.Release|Any CPU.ActiveCfg = Release|Any CPU
		{B3A2F6A5-15F4-4E13-9688-311EBB3933A2}.Release|Any CPU.Build.0 = Release|Any CPU
		{60CDD804-C583-4828-A15C-DF88FC35A18C}.Debug|Any CPU.ActiveCfg = Debug|Any CPU
		{60CDD804-C583-4828-A15C-DF88FC35A18C}.Debug|Any CPU.Build.0 = Debug|Any CPU
		{60CDD804-C583-4828-A15C-DF88FC35A18C}.Release|Any CPU.ActiveCfg = Release|Any CPU
		{60CDD804-C583-4828-A15C-DF88FC35A18C}.Release|Any CPU.Build.0 = Release|Any CPU
		{C92D5653-8D77-4993-959D-A4D80AFA14E3}.Debug|Any CPU.ActiveCfg = Debug|Any CPU
		{C92D5653-8D77-4993-959D-A4D80AFA14E3}.Debug|Any CPU.Build.0 = Debug|Any CPU
		{C92D5653-8D77-4993-959D-A4D80AFA14E3}.Release|Any CPU.ActiveCfg = Release|Any CPU
		{C92D5653-8D77-4993-959D-A4D80AFA14E3}.Release|Any CPU.Build.0 = Release|Any CPU
		{53A737B5-E229-49C5-B1F1-93EE2EF9950A}.Debug|Any CPU.ActiveCfg = Debug|Any CPU
		{53A737B5-E229-49C5-B1F1-93EE2EF9950A}.Debug|Any CPU.Build.0 = Debug|Any CPU
		{53A737B5-E229-49C5-B1F1-93EE2EF9950A}.Release|Any CPU.ActiveCfg = Release|Any CPU
		{53A737B5-E229-49C5-B1F1-93EE2EF9950A}.Release|Any CPU.Build.0 = Release|Any CPU
		{4F40FF80-AF71-444F-BDFA-C354B1B499D0}.Debug|Any CPU.ActiveCfg = Debug|Any CPU
		{4F40FF80-AF71-444F-BDFA-C354B1B499D0}.Debug|Any CPU.Build.0 = Debug|Any CPU
		{4F40FF80-AF71-444F-BDFA-C354B1B499D0}.Release|Any CPU.ActiveCfg = Release|Any CPU
		{4F40FF80-AF71-444F-BDFA-C354B1B499D0}.Release|Any CPU.Build.0 = Release|Any CPU
		{BB67957D-C993-467F-B12A-D741AA4BEF7B}.Debug|Any CPU.ActiveCfg = Debug|Any CPU
		{BB67957D-C993-467F-B12A-D741AA4BEF7B}.Debug|Any CPU.Build.0 = Debug|Any CPU
		{BB67957D-C993-467F-B12A-D741AA4BEF7B}.Release|Any CPU.ActiveCfg = Release|Any CPU
		{BB67957D-C993-467F-B12A-D741AA4BEF7B}.Release|Any CPU.Build.0 = Release|Any CPU
	EndGlobalSection
	GlobalSection(SolutionProperties) = preSolution
		HideSolutionNode = FALSE
	EndGlobalSection
	GlobalSection(ExtensibilityGlobals) = postSolution
		SolutionGuid = {CFF207D7-D704-470F-A61C-F0A2AE50EF32}
	EndGlobalSection
EndGlobal
